// !$*UTF8*$!
{
	archiveVersion = 1;
	classes = {
	};
	objectVersion = 46;
	objects = {

/* Begin PBXBuildFile section */
		20EE91001D4B54B000A82796 /* AppDelegate.swift in Sources */ = {isa = PBXBuildFile; fileRef = 20EE90FF1D4B54B000A82796 /* AppDelegate.swift */; };
		20EE91021D4B54B000A82796 /* ViewController.swift in Sources */ = {isa = PBXBuildFile; fileRef = 20EE91011D4B54B000A82796 /* ViewController.swift */; };
		20EE91051D4B54B000A82796 /* Main.storyboard in Resources */ = {isa = PBXBuildFile; fileRef = 20EE91031D4B54B000A82796 /* Main.storyboard */; };
		20EE91071D4B54B000A82796 /* Assets.xcassets in Resources */ = {isa = PBXBuildFile; fileRef = 20EE91061D4B54B000A82796 /* Assets.xcassets */; };
		20EE910A1D4B54B000A82796 /* LaunchScreen.storyboard in Resources */ = {isa = PBXBuildFile; fileRef = 20EE91081D4B54B000A82796 /* LaunchScreen.storyboard */; };
		20EE91151D4B54B000A82796 /* Intro12Tests.swift in Sources */ = {isa = PBXBuildFile; fileRef = 20EE91141D4B54B000A82796 /* Intro12Tests.swift */; };
/* End PBXBuildFile section */

/* Begin PBXContainerItemProxy section */
		20EE91111D4B54B000A82796 /* PBXContainerItemProxy */ = {
			isa = PBXContainerItemProxy;
			containerPortal = 20EE90F41D4B54B000A82796 /* Project object */;
			proxyType = 1;
			remoteGlobalIDString = 20EE90FB1D4B54B000A82796;
			remoteInfo = Intro12;
		};
/* End PBXContainerItemProxy section */

/* Begin PBXFileReference section */
		20EE90FC1D4B54B000A82796 /* Intro12.app */ = {isa = PBXFileReference; explicitFileType = wrapper.application; includeInIndex = 0; path = Intro12.app; sourceTree = BUILT_PRODUCTS_DIR; };
		20EE90FF1D4B54B000A82796 /* AppDelegate.swift */ = {isa = PBXFileReference; lastKnownFileType = sourcecode.swift; path = AppDelegate.swift; sourceTree = "<group>"; };
		20EE91011D4B54B000A82796 /* ViewController.swift */ = {isa = PBXFileReference; lastKnownFileType = sourcecode.swift; path = ViewController.swift; sourceTree = "<group>"; };
		20EE91041D4B54B000A82796 /* Base */ = {isa = PBXFileReference; lastKnownFileType = file.storyboard; name = Base; path = Base.lproj/Main.storyboard; sourceTree = "<group>"; };
		20EE91061D4B54B000A82796 /* Assets.xcassets */ = {isa = PBXFileReference; lastKnownFileType = folder.assetcatalog; path = Assets.xcassets; sourceTree = "<group>"; };
		20EE91091D4B54B000A82796 /* Base */ = {isa = PBXFileReference; lastKnownFileType = file.storyboard; name = Base; path = Base.lproj/LaunchScreen.storyboard; sourceTree = "<group>"; };
		20EE910B1D4B54B000A82796 /* Info.plist */ = {isa = PBXFileReference; lastKnownFileType = text.plist.xml; path = Info.plist; sourceTree = "<group>"; };
		20EE91101D4B54B000A82796 /* Intro12Tests.xctest */ = {isa = PBXFileReference; explicitFileType = wrapper.cfbundle; includeInIndex = 0; path = Intro12Tests.xctest; sourceTree = BUILT_PRODUCTS_DIR; };
		20EE91141D4B54B000A82796 /* Intro12Tests.swift */ = {isa = PBXFileReference; lastKnownFileType = sourcecode.swift; path = Intro12Tests.swift; sourceTree = "<group>"; };
		20EE91161D4B54B000A82796 /* Info.plist */ = {isa = PBXFileReference; lastKnownFileType = text.plist.xml; path = Info.plist; sourceTree = "<group>"; };
/* End PBXFileReference section */

/* Begin PBXFrameworksBuildPhase section */
		20EE90F91D4B54B000A82796 /* Frameworks */ = {
			isa = PBXFrameworksBuildPhase;
			buildActionMask = 2147483647;
			files = (
			);
			runOnlyForDeploymentPostprocessing = 0;
		};
		20EE910D1D4B54B000A82796 /* Frameworks */ = {
			isa = PBXFrameworksBuildPhase;
			buildActionMask = 2147483647;
			files = (
			);
			runOnlyForDeploymentPostprocessing = 0;
		};
/* End PBXFrameworksBuildPhase section */

/* Begin PBXGroup section */
		20EE90F31D4B54B000A82796 = {
			isa = PBXGroup;
			children = (
				20EE90FE1D4B54B000A82796 /* Intro12 */,
				20EE91131D4B54B000A82796 /* Intro12Tests */,
				20EE90FD1D4B54B000A82796 /* Products */,
			);
			sourceTree = "<group>";
		};
		20EE90FD1D4B54B000A82796 /* Products */ = {
			isa = PBXGroup;
			children = (
				20EE90FC1D4B54B000A82796 /* Intro12.app */,
				20EE91101D4B54B000A82796 /* Intro12Tests.xctest */,
			);
			name = Products;
			sourceTree = "<group>";
		};
		20EE90FE1D4B54B000A82796 /* Intro12 */ = {
			isa = PBXGroup;
			children = (
				20EE90FF1D4B54B000A82796 /* AppDelegate.swift */,
				20EE91011D4B54B000A82796 /* ViewController.swift */,
				20EE91031D4B54B000A82796 /* Main.storyboard */,
				20EE91061D4B54B000A82796 /* Assets.xcassets */,
				20EE91081D4B54B000A82796 /* LaunchScreen.storyboard */,
				20EE910B1D4B54B000A82796 /* Info.plist */,
			);
			path = Intro12;
			sourceTree = "<group>";
		};
		20EE91131D4B54B000A82796 /* Intro12Tests */ = {
			isa = PBXGroup;
			children = (
				20EE91141D4B54B000A82796 /* Intro12Tests.swift */,
				20EE91161D4B54B000A82796 /* Info.plist */,
			);
			path = Intro12Tests;
			sourceTree = "<group>";
		};
/* End PBXGroup section */

/* Begin PBXNativeTarget section */
		20EE90FB1D4B54B000A82796 /* Intro12 */ = {
			isa = PBXNativeTarget;
			buildConfigurationList = 20EE91191D4B54B000A82796 /* Build configuration list for PBXNativeTarget "Intro12" */;
			buildPhases = (
				20EE90F81D4B54B000A82796 /* Sources */,
				20EE90F91D4B54B000A82796 /* Frameworks */,
				20EE90FA1D4B54B000A82796 /* Resources */,
			);
			buildRules = (
			);
			dependencies = (
			);
			name = Intro12;
			productName = Intro12;
			productReference = 20EE90FC1D4B54B000A82796 /* Intro12.app */;
			productType = "com.apple.product-type.application";
		};
		20EE910F1D4B54B000A82796 /* Intro12Tests */ = {
			isa = PBXNativeTarget;
			buildConfigurationList = 20EE911C1D4B54B000A82796 /* Build configuration list for PBXNativeTarget "Intro12Tests" */;
			buildPhases = (
				20EE910C1D4B54B000A82796 /* Sources */,
				20EE910D1D4B54B000A82796 /* Frameworks */,
				20EE910E1D4B54B000A82796 /* Resources */,
			);
			buildRules = (
			);
			dependencies = (
				20EE91121D4B54B000A82796 /* PBXTargetDependency */,
			);
			name = Intro12Tests;
			productName = Intro12Tests;
			productReference = 20EE91101D4B54B000A82796 /* Intro12Tests.xctest */;
			productType = "com.apple.product-type.bundle.unit-test";
		};
/* End PBXNativeTarget section */

/* Begin PBXProject section */
		20EE90F41D4B54B000A82796 /* Project object */ = {
			isa = PBXProject;
			attributes = {
				LastSwiftUpdateCheck = 0730;
				LastUpgradeCheck = 0730;
				ORGANIZATIONNAME = SwiftiCode;
				TargetAttributes = {
					20EE90FB1D4B54B000A82796 = {
						CreatedOnToolsVersion = 7.3.1;
						DevelopmentTeam = 3E3L6L75YM;
					};
					20EE910F1D4B54B000A82796 = {
						CreatedOnToolsVersion = 7.3.1;
						DevelopmentTeam = 3E3L6L75YM;
						TestTargetID = 20EE90FB1D4B54B000A82796;
					};
				};
			};
			buildConfigurationList = 20EE90F71D4B54B000A82796 /* Build configuration list for PBXProject "Intro12" */;
			compatibilityVersion = "Xcode 3.2";
			developmentRegion = English;
			hasScannedForEncodings = 0;
			knownRegions = (
				en,
				Base,
			);
			mainGroup = 20EE90F31D4B54B000A82796;
			productRefGroup = 20EE90FD1D4B54B000A82796 /* Products */;
			projectDirPath = "";
			projectRoot = "";
			targets = (
				20EE90FB1D4B54B000A82796 /* Intro12 */,
				20EE910F1D4B54B000A82796 /* Intro12Tests */,
			);
		};
/* End PBXProject section */

/* Begin PBXResourcesBuildPhase section */
		20EE90FA1D4B54B000A82796 /* Resources */ = {
			isa = PBXResourcesBuildPhase;
			buildActionMask = 2147483647;
			files = (
				20EE910A1D4B54B000A82796 /* LaunchScreen.storyboard in Resources */,
				20EE91071D4B54B000A82796 /* Assets.xcassets in Resources */,
				20EE91051D4B54B000A82796 /* Main.storyboard in Resources */,
			);
			runOnlyForDeploymentPostprocessing = 0;
		};
		20EE910E1D4B54B000A82796 /* Resources */ = {
			isa = PBXResourcesBuildPhase;
			buildActionMask = 2147483647;
			files = (
			);
			runOnlyForDeploymentPostprocessing = 0;
		};
/* End PBXResourcesBuildPhase section */

/* Begin PBXSourcesBuildPhase section */
		20EE90F81D4B54B000A82796 /* Sources */ = {
			isa = PBXSourcesBuildPhase;
			buildActionMask = 2147483647;
			files = (
				20EE91021D4B54B000A82796 /* ViewController.swift in Sources */,
				20EE91001D4B54B000A82796 /* AppDelegate.swift in Sources */,
			);
			runOnlyForDeploymentPostprocessing = 0;
		};
		20EE910C1D4B54B000A82796 /* Sources */ = {
			isa = PBXSourcesBuildPhase;
			buildActionMask = 2147483647;
			files = (
				20EE91151D4B54B000A82796 /* Intro12Tests.swift in Sources */,
			);
			runOnlyForDeploymentPostprocessing = 0;
		};
/* End PBXSourcesBuildPhase section */

/* Begin PBXTargetDependency section */
		20EE91121D4B54B000A82796 /* PBXTargetDependency */ = {
			isa = PBXTargetDependency;
			target = 20EE90FB1D4B54B000A82796 /* Intro12 */;
			targetProxy = 20EE91111D4B54B000A82796 /* PBXContainerItemProxy */;
		};
/* End PBXTargetDependency section */

/* Begin PBXVariantGroup section */
		20EE91031D4B54B000A82796 /* Main.storyboard */ = {
			isa = PBXVariantGroup;
			children = (
				20EE91041D4B54B000A82796 /* Base */,
			);
			name = Main.storyboard;
			sourceTree = "<group>";
		};
		20EE91081D4B54B000A82796 /* LaunchScreen.storyboard */ = {
			isa = PBXVariantGroup;
			children = (
				20EE91091D4B54B000A82796 /* Base */,
			);
			name = LaunchScreen.storyboard;
			sourceTree = "<group>";
		};
/* End PBXVariantGroup section */

/* Begin XCBuildConfiguration section */
		20EE91171D4B54B000A82796 /* Debug */ = {
			isa = XCBuildConfiguration;
			buildSettings = {
				ALWAYS_SEARCH_USER_PATHS = NO;
				CLANG_ANALYZER_NONNULL = YES;
				CLANG_CXX_LANGUAGE_STANDARD = "gnu++0x";
				CLANG_CXX_LIBRARY = "libc++";
				CLANG_ENABLE_MODULES = YES;
				CLANG_ENABLE_OBJC_ARC = YES;
				CLANG_WARN_BOOL_CONVERSION = YES;
				CLANG_WARN_CONSTANT_CONVERSION = YES;
				CLANG_WARN_DIRECT_OBJC_ISA_USAGE = YES_ERROR;
				CLANG_WARN_EMPTY_BODY = YES;
				CLANG_WARN_ENUM_CONVERSION = YES;
				CLANG_WARN_INT_CONVERSION = YES;
				CLANG_WARN_OBJC_ROOT_CLASS = YES_ERROR;
				CLANG_WARN_UNREACHABLE_CODE = YES;
				CLANG_WARN__DUPLICATE_METHOD_MATCH = YES;
				"CODE_SIGN_IDENTITY[sdk=iphoneos*]" = "iPhone Developer";
				COPY_PHASE_STRIP = NO;
				DEBUG_INFORMATION_FORMAT = dwarf;
				ENABLE_STRICT_OBJC_MSGSEND = YES;
				ENABLE_TESTABILITY = YES;
				GCC_C_LANGUAGE_STANDARD = gnu99;
				GCC_DYNAMIC_NO_PIC = NO;
				GCC_NO_COMMON_BLOCKS = YES;
				GCC_OPTIMIZATION_LEVEL = 0;
				GCC_PREPROCESSOR_DEFINITIONS = (
					"DEBUG=1",
					"$(inherited)",
				);
				GCC_WARN_64_TO_32_BIT_CONVERSION = YES;
				GCC_WARN_ABOUT_RETURN_TYPE = YES_ERROR;
				GCC_WARN_UNDECLARED_SELECTOR = YES;
				GCC_WARN_UNINITIALIZED_AUTOS = YES_AGGRESSIVE;
				GCC_WARN_UNUSED_FUNCTION = YES;
				GCC_WARN_UNUSED_VARIABLE = YES;
				IPHONEOS_DEPLOYMENT_TARGET = 9.3;
				MTL_ENABLE_DEBUG_INFO = YES;
				ONLY_ACTIVE_ARCH = YES;
				SDKROOT = iphoneos;
				SWIFT_OPTIMIZATION_LEVEL = "-Onone";
				TARGETED_DEVICE_FAMILY = "1,2";
			};
			name = Debug;
		};
		20EE91181D4B54B000A82796 /* Release */ = {
			isa = XCBuildConfiguration;
			buildSettings = {
				ALWAYS_SEARCH_USER_PATHS = NO;
				CLANG_ANALYZER_NONNULL = YES;
				CLANG_CXX_LANGUAGE_STANDARD = "gnu++0x";
				CLANG_CXX_LIBRARY = "libc++";
				CLANG_ENABLE_MODULES = YES;
				CLANG_ENABLE_OBJC_ARC = YES;
				CLANG_WARN_BOOL_CONVERSION = YES;
				CLANG_WARN_CONSTANT_CONVERSION = YES;
				CLANG_WARN_DIRECT_OBJC_ISA_USAGE = YES_ERROR;
				CLANG_WARN_EMPTY_BODY = YES;
				CLANG_WARN_ENUM_CONVERSION = YES;
				CLANG_WARN_INT_CONVERSION = YES;
				CLANG_WARN_OBJC_ROOT_CLASS = YES_ERROR;
				CLANG_WARN_UNREACHABLE_CODE = YES;
				CLANG_WARN__DUPLICATE_METHOD_MATCH = YES;
				"CODE_SIGN_IDENTITY[sdk=iphoneos*]" = "iPhone Developer";
				COPY_PHASE_STRIP = NO;
				DEBUG_INFORMATION_FORMAT = "dwarf-with-dsym";
				ENABLE_NS_ASSERTIONS = NO;
				ENABLE_STRICT_OBJC_MSGSEND = YES;
				GCC_C_LANGUAGE_STANDARD = gnu99;
				GCC_NO_COMMON_BLOCKS = YES;
				GCC_WARN_64_TO_32_BIT_CONVERSION = YES;
				GCC_WARN_ABOUT_RETURN_TYPE = YES_ERROR;
				GCC_WARN_UNDECLARED_SELECTOR = YES;
				GCC_WARN_UNINITIALIZED_AUTOS = YES_AGGRESSIVE;
				GCC_WARN_UNUSED_FUNCTION = YES;
				GCC_WARN_UNUSED_VARIABLE = YES;
				IPHONEOS_DEPLOYMENT_TARGET = 9.3;
				MTL_ENABLE_DEBUG_INFO = NO;
				SDKROOT = iphoneos;
				TARGETED_DEVICE_FAMILY = "1,2";
				VALIDATE_PRODUCT = YES;
			};
			name = Release;
		};
		20EE911A1D4B54B000A82796 /* Debug */ = {
			isa = XCBuildConfiguration;
			buildSettings = {
				ASSETCATALOG_COMPILER_APPICON_NAME = AppIcon;
				INFOPLIST_FILE = Intro12/Info.plist;
				LD_RUNPATH_SEARCH_PATHS = "$(inherited) @executable_path/Frameworks";
				PRODUCT_BUNDLE_IDENTIFIER = com.swifticode.Intro12;
				PRODUCT_NAME = "$(TARGET_NAME)";
			};
			name = Debug;
		};
		20EE911B1D4B54B000A82796 /* Release */ = {
			isa = XCBuildConfiguration;
			buildSettings = {
				ASSETCATALOG_COMPILER_APPICON_NAME = AppIcon;
				INFOPLIST_FILE = Intro12/Info.plist;
				LD_RUNPATH_SEARCH_PATHS = "$(inherited) @executable_path/Frameworks";
				PRODUCT_BUNDLE_IDENTIFIER = com.swifticode.Intro12;
				PRODUCT_NAME = "$(TARGET_NAME)";
			};
			name = Release;
		};
		20EE911D1D4B54B000A82796 /* Debug */ = {
			isa = XCBuildConfiguration;
			buildSettings = {
				BUNDLE_LOADER = "$(TEST_HOST)";
				INFOPLIST_FILE = Intro12Tests/Info.plist;
				LD_RUNPATH_SEARCH_PATHS = "$(inherited) @executable_path/Frameworks @loader_path/Frameworks";
				PRODUCT_BUNDLE_IDENTIFIER = com.swifticode.Intro12Tests;
				PRODUCT_NAME = "$(TARGET_NAME)";
				TEST_HOST = "$(BUILT_PRODUCTS_DIR)/Intro12.app/Intro12";
			};
			name = Debug;
		};
		20EE911E1D4B54B000A82796 /* Release */ = {
			isa = XCBuildConfiguration;
			buildSettings = {
				BUNDLE_LOADER = "$(TEST_HOST)";
				INFOPLIST_FILE = Intro12Tests/Info.plist;
				LD_RUNPATH_SEARCH_PATHS = "$(inherited) @executable_path/Frameworks @loader_path/Frameworks";
				PRODUCT_BUNDLE_IDENTIFIER = com.swifticode.Intro12Tests;
				PRODUCT_NAME = "$(TARGET_NAME)";
				TEST_HOST = "$(BUILT_PRODUCTS_DIR)/Intro12.app/Intro12";
			};
			name = Release;
		};
/* End XCBuildConfiguration section */

/* Begin XCConfigurationList section */
		20EE90F71D4B54B000A82796 /* Build configuration list for PBXProject "Intro12" */ = {
			isa = XCConfigurationList;
			buildConfigurations = (
				20EE91171D4B54B000A82796 /* Debug */,
				20EE91181D4B54B000A82796 /* Release */,
			);
			defaultConfigurationIsVisible = 0;
			defaultConfigurationName = Release;
		};
		20EE91191D4B54B000A82796 /* Build configuration list for PBXNativeTarget "Intro12" */ = {
			isa = XCConfigurationList;
			buildConfigurations = (
				20EE911A1D4B54B000A82796 /* Debug */,
				20EE911B1D4B54B000A82796 /* Release */,
			);
			defaultConfigurationIsVisible = 0;
		};
		20EE911C1D4B54B000A82796 /* Build configuration list for PBXNativeTarget "Intro12Tests" */ = {
			isa = XCConfigurationList;
			buildConfigurations = (
				20EE911D1D4B54B000A82796 /* Debug */,
				20EE911E1D4B54B000A82796 /* Release */,
			);
			defaultConfigurationIsVisible = 0;
		};
/* End XCConfigurationList section */
	};
	rootObject = 20EE90F41D4B54B000A82796 /* Project object */;
}
